// !$*UTF8*$!
{
	archiveVersion = 1;
	classes = {
	};
	objectVersion = 50;
	objects = {

/* Begin PBXBuildFile section */
		9707B5F224F6E1A400A5F1C6 /* TaskTimer.storyboard in Resources */ = {isa = PBXBuildFile; fileRef = 9707B5F124F6E1A400A5F1C6 /* TaskTimer.storyboard */; };
		9707B5F424F6E1B700A5F1C6 /* TaskList.storyboard in Resources */ = {isa = PBXBuildFile; fileRef = 9707B5F324F6E1B700A5F1C6 /* TaskList.storyboard */; };
		9707B5F624F6E1C200A5F1C6 /* TaskSettings.storyboard in Resources */ = {isa = PBXBuildFile; fileRef = 9707B5F524F6E1C200A5F1C6 /* TaskSettings.storyboard */; };
		974763C024F6C0300074B5E9 /* AppDelegate.swift in Sources */ = {isa = PBXBuildFile; fileRef = 974763BF24F6C0300074B5E9 /* AppDelegate.swift */; };
		974763C224F6C0300074B5E9 /* SceneDelegate.swift in Sources */ = {isa = PBXBuildFile; fileRef = 974763C124F6C0300074B5E9 /* SceneDelegate.swift */; };
		974763C424F6C0300074B5E9 /* ViewController.swift in Sources */ = {isa = PBXBuildFile; fileRef = 974763C324F6C0300074B5E9 /* ViewController.swift */; };
		974763C724F6C0300074B5E9 /* Main.storyboard in Resources */ = {isa = PBXBuildFile; fileRef = 974763C524F6C0300074B5E9 /* Main.storyboard */; };
		974763CA24F6C0300074B5E9 /* FocusTimer_MVVM.xcdatamodeld in Sources */ = {isa = PBXBuildFile; fileRef = 974763C824F6C0300074B5E9 /* FocusTimer_MVVM.xcdatamodeld */; };
		974763CC24F6C0320074B5E9 /* Assets.xcassets in Resources */ = {isa = PBXBuildFile; fileRef = 974763CB24F6C0320074B5E9 /* Assets.xcassets */; };
		974763CF24F6C0320074B5E9 /* LaunchScreen.storyboard in Resources */ = {isa = PBXBuildFile; fileRef = 974763CD24F6C0320074B5E9 /* LaunchScreen.storyboard */; };
/* End PBXBuildFile section */

/* Begin PBXFileReference section */
		9707B5F124F6E1A400A5F1C6 /* TaskTimer.storyboard */ = {isa = PBXFileReference; lastKnownFileType = file.storyboard; path = TaskTimer.storyboard; sourceTree = "<group>"; };
		9707B5F324F6E1B700A5F1C6 /* TaskList.storyboard */ = {isa = PBXFileReference; lastKnownFileType = file.storyboard; path = TaskList.storyboard; sourceTree = "<group>"; };
		9707B5F524F6E1C200A5F1C6 /* TaskSettings.storyboard */ = {isa = PBXFileReference; lastKnownFileType = file.storyboard; path = TaskSettings.storyboard; sourceTree = "<group>"; };
		974763BC24F6C0300074B5E9 /* FocusTimer_MVVM.app */ = {isa = PBXFileReference; explicitFileType = wrapper.application; includeInIndex = 0; path = FocusTimer_MVVM.app; sourceTree = BUILT_PRODUCTS_DIR; };
		974763BF24F6C0300074B5E9 /* AppDelegate.swift */ = {isa = PBXFileReference; lastKnownFileType = sourcecode.swift; path = AppDelegate.swift; sourceTree = "<group>"; };
		974763C124F6C0300074B5E9 /* SceneDelegate.swift */ = {isa = PBXFileReference; lastKnownFileType = sourcecode.swift; path = SceneDelegate.swift; sourceTree = "<group>"; };
		974763C324F6C0300074B5E9 /* ViewController.swift */ = {isa = PBXFileReference; lastKnownFileType = sourcecode.swift; path = ViewController.swift; sourceTree = "<group>"; };
		974763C624F6C0300074B5E9 /* Base */ = {isa = PBXFileReference; lastKnownFileType = file.storyboard; name = Base; path = Base.lproj/Main.storyboard; sourceTree = "<group>"; };
		974763C924F6C0300074B5E9 /* FocusTimer_MVVM.xcdatamodel */ = {isa = PBXFileReference; lastKnownFileType = wrapper.xcdatamodel; path = FocusTimer_MVVM.xcdatamodel; sourceTree = "<group>"; };
		974763CB24F6C0320074B5E9 /* Assets.xcassets */ = {isa = PBXFileReference; lastKnownFileType = folder.assetcatalog; path = Assets.xcassets; sourceTree = "<group>"; };
		974763CE24F6C0320074B5E9 /* Base */ = {isa = PBXFileReference; lastKnownFileType = file.storyboard; name = Base; path = Base.lproj/LaunchScreen.storyboard; sourceTree = "<group>"; };
		974763D024F6C0320074B5E9 /* Info.plist */ = {isa = PBXFileReference; lastKnownFileType = text.plist.xml; path = Info.plist; sourceTree = "<group>"; };
/* End PBXFileReference section */

/* Begin PBXFrameworksBuildPhase section */
		974763B924F6C0300074B5E9 /* Frameworks */ = {
			isa = PBXFrameworksBuildPhase;
			buildActionMask = 2147483647;
			files = (
			);
			runOnlyForDeploymentPostprocessing = 0;
		};
/* End PBXFrameworksBuildPhase section */

/* Begin PBXGroup section */
		974763B324F6C0300074B5E9 = {
			isa = PBXGroup;
			children = (
				974763BE24F6C0300074B5E9 /* FocusTimer_MVVM */,
				974763BD24F6C0300074B5E9 /* Products */,
			);
			sourceTree = "<group>";
		};
		974763BD24F6C0300074B5E9 /* Products */ = {
			isa = PBXGroup;
			children = (
				974763BC24F6C0300074B5E9 /* FocusTimer_MVVM.app */,
			);
			name = Products;
			sourceTree = "<group>";
		};
		974763BE24F6C0300074B5E9 /* FocusTimer_MVVM */ = {
			isa = PBXGroup;
			children = (
				974763BF24F6C0300074B5E9 /* AppDelegate.swift */,
				974763C124F6C0300074B5E9 /* SceneDelegate.swift */,
				974763C324F6C0300074B5E9 /* ViewController.swift */,
				974763D624F6C0C50074B5E9 /* Storyboards */,
				974763CB24F6C0320074B5E9 /* Assets.xcassets */,
				974763CD24F6C0320074B5E9 /* LaunchScreen.storyboard */,
				974763D024F6C0320074B5E9 /* Info.plist */,
				974763C824F6C0300074B5E9 /* FocusTimer_MVVM.xcdatamodeld */,
			);
			path = FocusTimer_MVVM;
			sourceTree = "<group>";
		};
		974763D624F6C0C50074B5E9 /* Storyboards */ = {
			isa = PBXGroup;
			children = (
				974763C524F6C0300074B5E9 /* Main.storyboard */,
				9707B5F124F6E1A400A5F1C6 /* TaskTimer.storyboard */,
				9707B5F324F6E1B700A5F1C6 /* TaskList.storyboard */,
				9707B5F524F6E1C200A5F1C6 /* TaskSettings.storyboard */,
			);
			path = Storyboards;
			sourceTree = "<group>";
		};
/* End PBXGroup section */

/* Begin PBXNativeTarget section */
		974763BB24F6C0300074B5E9 /* FocusTimer_MVVM */ = {
			isa = PBXNativeTarget;
			buildConfigurationList = 974763D324F6C0320074B5E9 /* Build configuration list for PBXNativeTarget "FocusTimer_MVVM" */;
			buildPhases = (
				974763B824F6C0300074B5E9 /* Sources */,
				974763B924F6C0300074B5E9 /* Frameworks */,
				974763BA24F6C0300074B5E9 /* Resources */,
			);
			buildRules = (
			);
			dependencies = (
			);
			name = FocusTimer_MVVM;
			productName = FocusTimer_MVVM;
			productReference = 974763BC24F6C0300074B5E9 /* FocusTimer_MVVM.app */;
			productType = "com.apple.product-type.application";
		};
/* End PBXNativeTarget section */

/* Begin PBXProject section */
		974763B424F6C0300074B5E9 /* Project object */ = {
			isa = PBXProject;
			attributes = {
				LastSwiftUpdateCheck = 1160;
				LastUpgradeCheck = 1160;
				ORGANIZATIONNAME = "Valeriy Pokatilo";
				TargetAttributes = {
					974763BB24F6C0300074B5E9 = {
						CreatedOnToolsVersion = 11.6;
					};
				};
			};
			buildConfigurationList = 974763B724F6C0300074B5E9 /* Build configuration list for PBXProject "FocusTimer_MVVM" */;
			compatibilityVersion = "Xcode 9.3";
			developmentRegion = en;
			hasScannedForEncodings = 0;
			knownRegions = (
				en,
				Base,
			);
			mainGroup = 974763B324F6C0300074B5E9;
			productRefGroup = 974763BD24F6C0300074B5E9 /* Products */;
			projectDirPath = "";
			projectRoot = "";
			targets = (
				974763BB24F6C0300074B5E9 /* FocusTimer_MVVM */,
			);
		};
/* End PBXProject section */

/* Begin PBXResourcesBuildPhase section */
		974763BA24F6C0300074B5E9 /* Resources */ = {
			isa = PBXResourcesBuildPhase;
			buildActionMask = 2147483647;
			files = (
				9707B5F624F6E1C200A5F1C6 /* TaskSettings.storyboard in Resources */,
				974763CF24F6C0320074B5E9 /* LaunchScreen.storyboard in Resources */,
				974763CC24F6C0320074B5E9 /* Assets.xcassets in Resources */,
				9707B5F424F6E1B700A5F1C6 /* TaskList.storyboard in Resources */,
				974763C724F6C0300074B5E9 /* Main.storyboard in Resources */,
				9707B5F224F6E1A400A5F1C6 /* TaskTimer.storyboard in Resources */,
			);
			runOnlyForDeploymentPostprocessing = 0;
		};
/* End PBXResourcesBuildPhase section */

/* Begin PBXSourcesBuildPhase section */
		974763B824F6C0300074B5E9 /* Sources */ = {
			isa = PBXSourcesBuildPhase;
			buildActionMask = 2147483647;
			files = (
				974763C424F6C0300074B5E9 /* ViewController.swift in Sources */,
				974763C024F6C0300074B5E9 /* AppDelegate.swift in Sources */,
				974763CA24F6C0300074B5E9 /* FocusTimer_MVVM.xcdatamodeld in Sources */,
				974763C224F6C0300074B5E9 /* SceneDelegate.swift in Sources */,
			);
			runOnlyForDeploymentPostprocessing = 0;
		};
/* End PBXSourcesBuildPhase section */

/* Begin PBXVariantGroup section */
		974763C524F6C0300074B5E9 /* Main.storyboard */ = {
			isa = PBXVariantGroup;
			children = (
				974763C624F6C0300074B5E9 /* Base */,
			);
			name = Main.storyboard;
			sourceTree = "<group>";
		};
		974763CD24F6C0320074B5E9 /* LaunchScreen.storyboard */ = {
			isa = PBXVariantGroup;
			children = (
				974763CE24F6C0320074B5E9 /* Base */,
			);
			name = LaunchScreen.storyboard;
			sourceTree = "<group>";
		};
/* End PBXVariantGroup section */

/* Begin XCBuildConfiguration section */
		974763D124F6C0320074B5E9 /* Debug */ = {
			isa = XCBuildConfiguration;
			buildSettings = {
				ALWAYS_SEARCH_USER_PATHS = NO;
				CLANG_ANALYZER_NONNULL = YES;
				CLANG_ANALYZER_NUMBER_OBJECT_CONVERSION = YES_AGGRESSIVE;
				CLANG_CXX_LANGUAGE_STANDARD = "gnu++14";
				CLANG_CXX_LIBRARY = "libc++";
				CLANG_ENABLE_MODULES = YES;
				CLANG_ENABLE_OBJC_ARC = YES;
				CLANG_ENABLE_OBJC_WEAK = YES;
				CLANG_WARN_BLOCK_CAPTURE_AUTORELEASING = YES;
				CLANG_WARN_BOOL_CONVERSION = YES;
				CLANG_WARN_COMMA = YES;
				CLANG_WARN_CONSTANT_CONVERSION = YES;
				CLANG_WARN_DEPRECATED_OBJC_IMPLEMENTATIONS = YES;
				CLANG_WARN_DIRECT_OBJC_ISA_USAGE = YES_ERROR;
				CLANG_WARN_DOCUMENTATION_COMMENTS = YES;
				CLANG_WARN_EMPTY_BODY = YES;
				CLANG_WARN_ENUM_CONVERSION = YES;
				CLANG_WARN_INFINITE_RECURSION = YES;
				CLANG_WARN_INT_CONVERSION = YES;
				CLANG_WARN_NON_LITERAL_NULL_CONVERSION = YES;
				CLANG_WARN_OBJC_IMPLICIT_RETAIN_SELF = YES;
				CLANG_WARN_OBJC_LITERAL_CONVERSION = YES;
				CLANG_WARN_OBJC_ROOT_CLASS = YES_ERROR;
				CLANG_WARN_RANGE_LOOP_ANALYSIS = YES;
				CLANG_WARN_STRICT_PROTOTYPES = YES;
				CLANG_WARN_SUSPICIOUS_MOVE = YES;
				CLANG_WARN_UNGUARDED_AVAILABILITY = YES_AGGRESSIVE;
				CLANG_WARN_UNREACHABLE_CODE = YES;
				CLANG_WARN__DUPLICATE_METHOD_MATCH = YES;
				COPY_PHASE_STRIP = NO;
				DEBUG_INFORMATION_FORMAT = dwarf;
				ENABLE_STRICT_OBJC_MSGSEND = YES;
				ENABLE_TESTABILITY = YES;
				GCC_C_LANGUAGE_STANDARD = gnu11;
				GCC_DYNAMIC_NO_PIC = NO;
				GCC_NO_COMMON_BLOCKS = YES;
				GCC_OPTIMIZATION_LEVEL = 0;
				GCC_PREPROCESSOR_DEFINITIONS = (
					"DEBUG=1",
					"$(inherited)",
				);
				GCC_WARN_64_TO_32_BIT_CONVERSION = YES;
				GCC_WARN_ABOUT_RETURN_TYPE = YES_ERROR;
				GCC_WARN_UNDECLARED_SELECTOR = YES;
				GCC_WARN_UNINITIALIZED_AUTOS = YES_AGGRESSIVE;
				GCC_WARN_UNUSED_FUNCTION = YES;
				GCC_WARN_UNUSED_VARIABLE = YES;
				IPHONEOS_DEPLOYMENT_TARGET = 13.6;
				MTL_ENABLE_DEBUG_INFO = INCLUDE_SOURCE;
				MTL_FAST_MATH = YES;
				ONLY_ACTIVE_ARCH = YES;
				SDKROOT = iphoneos;
				SWIFT_ACTIVE_COMPILATION_CONDITIONS = DEBUG;
				SWIFT_OPTIMIZATION_LEVEL = "-Onone";
			};
			name = Debug;
		};
		974763D224F6C0320074B5E9 /* Release */ = {
			isa = XCBuildConfiguration;
			buildSettings = {
				ALWAYS_SEARCH_USER_PATHS = NO;
				CLANG_ANALYZER_NONNULL = YES;
				CLANG_ANALYZER_NUMBER_OBJECT_CONVERSION = YES_AGGRESSIVE;
				CLANG_CXX_LANGUAGE_STANDARD = "gnu++14";
				CLANG_CXX_LIBRARY = "libc++";
				CLANG_ENABLE_MODULES = YES;
				CLANG_ENABLE_OBJC_ARC = YES;
				CLANG_ENABLE_OBJC_WEAK = YES;
				CLANG_WARN_BLOCK_CAPTURE_AUTORELEASING = YES;
				CLANG_WARN_BOOL_CONVERSION = YES;
				CLANG_WARN_COMMA = YES;
				CLANG_WARN_CONSTANT_CONVERSION = YES;
				CLANG_WARN_DEPRECATED_OBJC_IMPLEMENTATIONS = YES;
				CLANG_WARN_DIRECT_OBJC_ISA_USAGE = YES_ERROR;
				CLANG_WARN_DOCUMENTATION_COMMENTS = YES;
				CLANG_WARN_EMPTY_BODY = YES;
				CLANG_WARN_ENUM_CONVERSION = YES;
				CLANG_WARN_INFINITE_RECURSION = YES;
				CLANG_WARN_INT_CONVERSION = YES;
				CLANG_WARN_NON_LITERAL_NULL_CONVERSION = YES;
				CLANG_WARN_OBJC_IMPLICIT_RETAIN_SELF = YES;
				CLANG_WARN_OBJC_LITERAL_CONVERSION = YES;
				CLANG_WARN_OBJC_ROOT_CLASS = YES_ERROR;
				CLANG_WARN_RANGE_LOOP_ANALYSIS = YES;
				CLANG_WARN_STRICT_PROTOTYPES = YES;
				CLANG_WARN_SUSPICIOUS_MOVE = YES;
				CLANG_WARN_UNGUARDED_AVAILABILITY = YES_AGGRESSIVE;
				CLANG_WARN_UNREACHABLE_CODE = YES;
				CLANG_WARN__DUPLICATE_METHOD_MATCH = YES;
				COPY_PHASE_STRIP = NO;
				DEBUG_INFORMATION_FORMAT = "dwarf-with-dsym";
				ENABLE_NS_ASSERTIONS = NO;
				ENABLE_STRICT_OBJC_MSGSEND = YES;
				GCC_C_LANGUAGE_STANDARD = gnu11;
				GCC_NO_COMMON_BLOCKS = YES;
				GCC_WARN_64_TO_32_BIT_CONVERSION = YES;
				GCC_WARN_ABOUT_RETURN_TYPE = YES_ERROR;
				GCC_WARN_UNDECLARED_SELECTOR = YES;
				GCC_WARN_UNINITIALIZED_AUTOS = YES_AGGRESSIVE;
				GCC_WARN_UNUSED_FUNCTION = YES;
				GCC_WARN_UNUSED_VARIABLE = YES;
				IPHONEOS_DEPLOYMENT_TARGET = 13.6;
				MTL_ENABLE_DEBUG_INFO = NO;
				MTL_FAST_MATH = YES;
				SDKROOT = iphoneos;
				SWIFT_COMPILATION_MODE = wholemodule;
				SWIFT_OPTIMIZATION_LEVEL = "-O";
				VALIDATE_PRODUCT = YES;
			};
			name = Release;
		};
		974763D424F6C0320074B5E9 /* Debug */ = {
			isa = XCBuildConfiguration;
			buildSettings = {
				ASSETCATALOG_COMPILER_APPICON_NAME = AppIcon;
				CODE_SIGN_STYLE = Automatic;
				DEVELOPMENT_TEAM = 3Y3H58KDA5;
				INFOPLIST_FILE = FocusTimer_MVVM/Info.plist;
				LD_RUNPATH_SEARCH_PATHS = (
					"$(inherited)",
					"@executable_path/Frameworks",
				);
				PRODUCT_BUNDLE_IDENTIFIER = "id5190011.FocusTimer-MVVM";
				PRODUCT_NAME = "$(TARGET_NAME)";
				SWIFT_VERSION = 5.0;
				TARGETED_DEVICE_FAMILY = 1;
			};
			name = Debug;
		};
		974763D524F6C0320074B5E9 /* Release */ = {
			isa = XCBuildConfiguration;
			buildSettings = {
				ASSETCATALOG_COMPILER_APPICON_NAME = AppIcon;
				CODE_SIGN_STYLE = Automatic;
				DEVELOPMENT_TEAM = 3Y3H58KDA5;
				INFOPLIST_FILE = FocusTimer_MVVM/Info.plist;
				LD_RUNPATH_SEARCH_PATHS = (
					"$(inherited)",
					"@executable_path/Frameworks",
				);
				PRODUCT_BUNDLE_IDENTIFIER = "id5190011.FocusTimer-MVVM";
				PRODUCT_NAME = "$(TARGET_NAME)";
				SWIFT_VERSION = 5.0;
				TARGETED_DEVICE_FAMILY = 1;
			};
			name = Release;
		};
/* End XCBuildConfiguration section */

/* Begin XCConfigurationList section */
		974763B724F6C0300074B5E9 /* Build configuration list for PBXProject "FocusTimer_MVVM" */ = {
			isa = XCConfigurationList;
			buildConfigurations = (
				974763D124F6C0320074B5E9 /* Debug */,
				974763D224F6C0320074B5E9 /* Release */,
			);
			defaultConfigurationIsVisible = 0;
			defaultConfigurationName = Release;
		};
		974763D324F6C0320074B5E9 /* Build configuration list for PBXNativeTarget "FocusTimer_MVVM" */ = {
			isa = XCConfigurationList;
			buildConfigurations = (
				974763D424F6C0320074B5E9 /* Debug */,
				974763D524F6C0320074B5E9 /* Release */,
			);
			defaultConfigurationIsVisible = 0;
			defaultConfigurationName = Release;
		};
/* End XCConfigurationList section */

/* Begin XCVersionGroup section */
		974763C824F6C0300074B5E9 /* FocusTimer_MVVM.xcdatamodeld */ = {
			isa = XCVersionGroup;
			children = (
				974763C924F6C0300074B5E9 /* FocusTimer_MVVM.xcdatamodel */,
			);
			currentVersion = 974763C924F6C0300074B5E9 /* FocusTimer_MVVM.xcdatamodel */;
			path = FocusTimer_MVVM.xcdatamodeld;
			sourceTree = "<group>";
			versionGroupType = wrapper.xcdatamodel;
		};
/* End XCVersionGroup section */
	};
	rootObject = 974763B424F6C0300074B5E9 /* Project object */;
}
